
Microsoft Visual Studio Solution File, Format Version 12.00
# Visual Studio Version 16
VisualStudioVersion = 16.0.29613.14
MinimumVisualStudioVersion = 10.0.40219.1
Project("{9A19103F-16F7-4668-BE54-9A1E7A4F7556}") = "Webshop", "Webshop.csproj", "{598CCD17-F3D3-4563-AD5A-EBFBBE734013}"
EndProject
Project("{FAE04EC0-301F-11D3-BF4B-00C04F79EFBC}") = "WebshopTests", "..\WebshopTests\WebshopTests.csproj", "{DC77C104-4EEE-42B6-90A2-378BD4D5B3E4}"
EndProject
Global
	GlobalSection(SolutionConfigurationPlatforms) = preSolution
		Debug|Any CPU = Debug|Any CPU
		Release|Any CPU = Release|Any CPU
	EndGlobalSection
	GlobalSection(ProjectConfigurationPlatforms) = postSolution
		{598CCD17-F3D3-4563-AD5A-EBFBBE734013}.Debug|Any CPU.ActiveCfg = Debug|Any CPU
		{598CCD17-F3D3-4563-AD5A-EBFBBE734013}.Debug|Any CPU.Build.0 = Debug|Any CPU
		{598CCD17-F3D3-4563-AD5A-EBFBBE734013}.Release|Any CPU.ActiveCfg = Release|Any CPU
		{598CCD17-F3D3-4563-AD5A-EBFBBE734013}.Release|Any CPU.Build.0 = Release|Any CPU
		{DC77C104-4EEE-42B6-90A2-378BD4D5B3E4}.Debug|Any CPU.ActiveCfg = Debug|Any CPU
		{DC77C104-4EEE-42B6-90A2-378BD4D5B3E4}.Debug|Any CPU.Build.0 = Debug|Any CPU
		{DC77C104-4EEE-42B6-90A2-378BD4D5B3E4}.Release|Any CPU.ActiveCfg = Release|Any CPU
		{DC77C104-4EEE-42B6-90A2-378BD4D5B3E4}.Release|Any CPU.Build.0 = Release|Any CPU
	EndGlobalSection
	GlobalSection(SolutionProperties) = preSolution
		HideSolutionNode = FALSE
	EndGlobalSection
	GlobalSection(ExtensibilityGlobals) = postSolution
		SolutionGuid = {964AAB22-F495-43F0-A883-DC0274350B90}
	EndGlobalSection
EndGlobal
